
Microsoft Visual Studio Solution File, Format Version 12.00
# Visual Studio Version 17
VisualStudioVersion = 17.0.31903.59
MinimumVisualStudioVersion = 10.0.40219.1
Project("{FAE04EC0-301F-11D3-BF4B-00C04F79EFBC}") = "Api", "Api\Api.csproj", "{C9FB7880-80CD-4449-9A3A-E9D3F90F2076}"
EndProject
Project("{FAE04EC0-301F-11D3-BF4B-00C04F79EFBC}") = "BusinessLogic", "BusinessLogic\BusinessLogic.csproj", "{753EBC77-8BED-42A7-8E21-C6379F737F2A}"
EndProject
Project("{FAE04EC0-301F-11D3-BF4B-00C04F79EFBC}") = "Data", "Data\Data.csproj", "{7CBF1D6F-4861-48A8-8648-5FBDD0007698}"
EndProject
Global
	GlobalSection(SolutionConfigurationPlatforms) = preSolution
		Debug|Any CPU = Debug|Any CPU
		Release|Any CPU = Release|Any CPU
	EndGlobalSection
	GlobalSection(SolutionProperties) = preSolution
		HideSolutionNode = FALSE
	EndGlobalSection
	GlobalSection(ProjectConfigurationPlatforms) = postSolution
		{C9FB7880-80CD-4449-9A3A-E9D3F90F2076}.Debug|Any CPU.ActiveCfg = Debug|Any CPU
		{C9FB7880-80CD-4449-9A3A-E9D3F90F2076}.Debug|Any CPU.Build.0 = Debug|Any CPU
		{C9FB7880-80CD-4449-9A3A-E9D3F90F2076}.Release|Any CPU.ActiveCfg = Release|Any CPU
		{C9FB7880-80CD-4449-9A3A-E9D3F90F2076}.Release|Any CPU.Build.0 = Release|Any CPU
		{753EBC77-8BED-42A7-8E21-C6379F737F2A}.Debug|Any CPU.ActiveCfg = Debug|Any CPU
		{753EBC77-8BED-42A7-8E21-C6379F737F2A}.Debug|Any CPU.Build.0 = Debug|Any CPU
		{753EBC77-8BED-42A7-8E21-C6379F737F2A}.Release|Any CPU.ActiveCfg = Release|Any CPU
		{753EBC77-8BED-42A7-8E21-C6379F737F2A}.Release|Any CPU.Build.0 = Release|Any CPU
		{7CBF1D6F-4861-48A8-8648-5FBDD0007698}.Debug|Any CPU.ActiveCfg = Debug|Any CPU
		{7CBF1D6F-4861-48A8-8648-5FBDD0007698}.Debug|Any CPU.Build.0 = Debug|Any CPU
		{7CBF1D6F-4861-48A8-8648-5FBDD0007698}.Release|Any CPU.ActiveCfg = Release|Any CPU
		{7CBF1D6F-4861-48A8-8648-5FBDD0007698}.Release|Any CPU.Build.0 = Release|Any CPU
	EndGlobalSection
EndGlobal
